
Microsoft Visual Studio Solution File, Format Version 12.00
# Visual Studio Version 16
VisualStudioVersion = 16.0.29509.3
MinimumVisualStudioVersion = 10.0.40219.1
Project("{FAE04EC0-301F-11D3-BF4B-00C04F79EFBC}") = "下落的小球", "下落的小球.csproj", "{88EBDB0C-4825-410E-BAB4-EFD277F38187}"
EndProject
Global
	GlobalSection(SolutionConfigurationPlatforms) = preSolution
		Debug|Any CPU = Debug|Any CPU
		Release|Any CPU = Release|Any CPU
	EndGlobalSection
	GlobalSection(ProjectConfigurationPlatforms) = postSolution
		{88EBDB0C-4825-410E-BAB4-EFD277F38187}.Debug|Any CPU.ActiveCfg = Debug|Any CPU
		{88EBDB0C-4825-410E-BAB4-EFD277F38187}.Debug|Any CPU.Build.0 = Debug|Any CPU
		{88EBDB0C-4825-410E-BAB4-EFD277F38187}.Release|Any CPU.ActiveCfg = Release|Any CPU
		{88EBDB0C-4825-410E-BAB4-EFD277F38187}.Release|Any CPU.Build.0 = Release|Any CPU
	EndGlobalSection
	GlobalSection(SolutionProperties) = preSolution
		HideSolutionNode = FALSE
	EndGlobalSection
	GlobalSection(ExtensibilityGlobals) = postSolution
		SolutionGuid = {0A96346E-DF6A-446F-AE4A-547A19696424}
	EndGlobalSection
EndGlobal
